
Microsoft Visual Studio Solution File, Format Version 12.00
# Visual Studio Version 16
VisualStudioVersion = 16.0.30503.244
MinimumVisualStudioVersion = 10.0.40219.1
Project("{FAE04EC0-301F-11D3-BF4B-00C04F79EFBC}") = "Console_homework_4", "Console_homework_4.csproj", "{C420868A-321E-49FE-B5BB-D477F31A0572}"
EndProject
Project("{FAE04EC0-301F-11D3-BF4B-00C04F79EFBC}") = "Console_homework_4_task2", "..\Console_homework_4_task2\Console_homework_4_task2.csproj", "{F9A4CECB-3F22-46DF-BB7E-ED1C71D2869B}"
EndProject
Global
	GlobalSection(SolutionConfigurationPlatforms) = preSolution
		Debug|Any CPU = Debug|Any CPU
		Release|Any CPU = Release|Any CPU
	EndGlobalSection
	GlobalSection(ProjectConfigurationPlatforms) = postSolution
		{C420868A-321E-49FE-B5BB-D477F31A0572}.Debug|Any CPU.ActiveCfg = Debug|Any CPU
		{C420868A-321E-49FE-B5BB-D477F31A0572}.Debug|Any CPU.Build.0 = Debug|Any CPU
		{C420868A-321E-49FE-B5BB-D477F31A0572}.Release|Any CPU.ActiveCfg = Release|Any CPU
		{C420868A-321E-49FE-B5BB-D477F31A0572}.Release|Any CPU.Build.0 = Release|Any CPU
		{F9A4CECB-3F22-46DF-BB7E-ED1C71D2869B}.Debug|Any CPU.ActiveCfg = Debug|Any CPU
		{F9A4CECB-3F22-46DF-BB7E-ED1C71D2869B}.Debug|Any CPU.Build.0 = Debug|Any CPU
		{F9A4CECB-3F22-46DF-BB7E-ED1C71D2869B}.Release|Any CPU.ActiveCfg = Release|Any CPU
		{F9A4CECB-3F22-46DF-BB7E-ED1C71D2869B}.Release|Any CPU.Build.0 = Release|Any CPU
	EndGlobalSection
	GlobalSection(SolutionProperties) = preSolution
		HideSolutionNode = FALSE
	EndGlobalSection
	GlobalSection(ExtensibilityGlobals) = postSolution
		SolutionGuid = {0C128E46-8954-4684-93E5-66A1553A5228}
	EndGlobalSection
EndGlobal
